
Microsoft Visual Studio Solution File, Format Version 12.00
# Visual Studio Version 17
VisualStudioVersion = 17.3.32929.385
MinimumVisualStudioVersion = 10.0.40219.1
Project("{FAE04EC0-301F-11D3-BF4B-00C04F79EFBC}") = "xmlwpfval", "xmlwpfval\xmlwpfval.csproj", "{F9942C14-E083-4AE8-A39C-BA54B6F2CFEE}"
EndProject
Global
	GlobalSection(SolutionConfigurationPlatforms) = preSolution
		Debug|Any CPU = Debug|Any CPU
		Release|Any CPU = Release|Any CPU
	EndGlobalSection
	GlobalSection(ProjectConfigurationPlatforms) = postSolution
		{F9942C14-E083-4AE8-A39C-BA54B6F2CFEE}.Debug|Any CPU.ActiveCfg = Debug|Any CPU
		{F9942C14-E083-4AE8-A39C-BA54B6F2CFEE}.Debug|Any CPU.Build.0 = Debug|Any CPU
		{F9942C14-E083-4AE8-A39C-BA54B6F2CFEE}.Release|Any CPU.ActiveCfg = Release|Any CPU
		{F9942C14-E083-4AE8-A39C-BA54B6F2CFEE}.Release|Any CPU.Build.0 = Release|Any CPU
	EndGlobalSection
	GlobalSection(SolutionProperties) = preSolution
		HideSolutionNode = FALSE
	EndGlobalSection
	GlobalSection(ExtensibilityGlobals) = postSolution
		SolutionGuid = {5695947B-C83E-48DE-8F38-EFA221581FAA}
	EndGlobalSection
EndGlobal
